// !$*UTF8*$!
{
	archiveVersion = 1;
	classes = {
	};
	objectVersion = 46;
	objects = {

/* Begin PBXBuildFile section */
		DD19AE721B794F0700EAA504 /* main.m in Sources */ = {isa = PBXBuildFile; fileRef = DD19AE711B794F0700EAA504 /* main.m */; };
		DD19AE751B794F0700EAA504 /* AppDelegate.m in Sources */ = {isa = PBXBuildFile; fileRef = DD19AE741B794F0700EAA504 /* AppDelegate.m */; };
		DD19AE781B794F0700EAA504 /* BlocNotes.xcdatamodeld in Sources */ = {isa = PBXBuildFile; fileRef = DD19AE761B794F0700EAA504 /* BlocNotes.xcdatamodeld */; };
		DD19AE7B1B794F0700EAA504 /* ViewController.m in Sources */ = {isa = PBXBuildFile; fileRef = DD19AE7A1B794F0700EAA504 /* ViewController.m */; };
		DD19AE7E1B794F0700EAA504 /* Main.storyboard in Resources */ = {isa = PBXBuildFile; fileRef = DD19AE7C1B794F0700EAA504 /* Main.storyboard */; };
		DD19AE801B794F0700EAA504 /* Images.xcassets in Resources */ = {isa = PBXBuildFile; fileRef = DD19AE7F1B794F0700EAA504 /* Images.xcassets */; };
		DD19AE831B794F0700EAA504 /* LaunchScreen.xib in Resources */ = {isa = PBXBuildFile; fileRef = DD19AE811B794F0700EAA504 /* LaunchScreen.xib */; };
		DD19AE8F1B794F0700EAA504 /* BlocNotesTests.m in Sources */ = {isa = PBXBuildFile; fileRef = DD19AE8E1B794F0700EAA504 /* BlocNotesTests.m */; };
		DD19AE9A1B795AA000EAA504 /* MainTableViewController.m in Sources */ = {isa = PBXBuildFile; fileRef = DD19AE991B795AA000EAA504 /* MainTableViewController.m */; };
		DD19AE9D1B795AEA00EAA504 /* NoteViewController.m in Sources */ = {isa = PBXBuildFile; fileRef = DD19AE9C1B795AEA00EAA504 /* NoteViewController.m */; };
		DD19AEA31B79609100EAA504 /* NoteTableViewCell.m in Sources */ = {isa = PBXBuildFile; fileRef = DD19AEA21B79609100EAA504 /* NoteTableViewCell.m */; };
		DD19AEA61B7978C600EAA504 /* CoreDataStack.m in Sources */ = {isa = PBXBuildFile; fileRef = DD19AEA51B7978C600EAA504 /* CoreDataStack.m */; };
		DD19AEA91B797CEC00EAA504 /* NoteEntry.m in Sources */ = {isa = PBXBuildFile; fileRef = DD19AEA81B797CEC00EAA504 /* NoteEntry.m */; };
		DD3A61611B7D4CC500E27C47 /* ShareViewController.m in Sources */ = {isa = PBXBuildFile; fileRef = DD3A61601B7D4CC500E27C47 /* ShareViewController.m */; };
		DD3A61631B7D4CC500E27C47 /* MainInterface.storyboard in Resources */ = {isa = PBXBuildFile; fileRef = DD3A61621B7D4CC500E27C47 /* MainInterface.storyboard */; };
		DD3A61661B7D4CC500E27C47 /* ShareW.appex in Embed App Extensions */ = {isa = PBXBuildFile; fileRef = DD3A615B1B7D4CC500E27C47 /* ShareW.appex */; settings = {ATTRIBUTES = (RemoveHeadersOnCopy, ); }; };
		DD3A616D1B7EA37400E27C47 /* BlocNotes.xcdatamodeld in Sources */ = {isa = PBXBuildFile; fileRef = DD19AE761B794F0700EAA504 /* BlocNotes.xcdatamodeld */; };
		DD3A616E1B7EA3C200E27C47 /* CoreDataStack.m in Sources */ = {isa = PBXBuildFile; fileRef = DD19AEA51B7978C600EAA504 /* CoreDataStack.m */; };
		DD3A616F1B7EA3CE00E27C47 /* NoteEntry.m in Sources */ = {isa = PBXBuildFile; fileRef = DD19AEA81B797CEC00EAA504 /* NoteEntry.m */; };
		DD3A61701B7EA3D300E27C47 /* ViewController.m in Sources */ = {isa = PBXBuildFile; fileRef = DD19AE7A1B794F0700EAA504 /* ViewController.m */; };
/* End PBXBuildFile section */

/* Begin PBXContainerItemProxy section */
		DD19AE891B794F0700EAA504 /* PBXContainerItemProxy */ = {
			isa = PBXContainerItemProxy;
			containerPortal = DD19AE641B794F0700EAA504 /* Project object */;
			proxyType = 1;
			remoteGlobalIDString = DD19AE6B1B794F0700EAA504;
			remoteInfo = BlocNotes;
		};
		DD3A61641B7D4CC500E27C47 /* PBXContainerItemProxy */ = {
			isa = PBXContainerItemProxy;
			containerPortal = DD19AE641B794F0700EAA504 /* Project object */;
			proxyType = 1;
			remoteGlobalIDString = DD3A615A1B7D4CC500E27C47;
			remoteInfo = ShareW;
		};
/* End PBXContainerItemProxy section */

/* Begin PBXCopyFilesBuildPhase section */
		DD3A616A1B7D4CC600E27C47 /* Embed App Extensions */ = {
			isa = PBXCopyFilesBuildPhase;
			buildActionMask = 2147483647;
			dstPath = "";
			dstSubfolderSpec = 13;
			files = (
				DD3A61661B7D4CC500E27C47 /* ShareW.appex in Embed App Extensions */,
			);
			name = "Embed App Extensions";
			runOnlyForDeploymentPostprocessing = 0;
		};
/* End PBXCopyFilesBuildPhase section */

/* Begin PBXFileReference section */
		DD19AE6C1B794F0700EAA504 /* BlocNotes.app */ = {isa = PBXFileReference; explicitFileType = wrapper.application; includeInIndex = 0; path = BlocNotes.app; sourceTree = BUILT_PRODUCTS_DIR; };
		DD19AE701B794F0700EAA504 /* Info.plist */ = {isa = PBXFileReference; lastKnownFileType = text.plist.xml; path = Info.plist; sourceTree = "<group>"; };
		DD19AE711B794F0700EAA504 /* main.m */ = {isa = PBXFileReference; lastKnownFileType = sourcecode.c.objc; path = main.m; sourceTree = "<group>"; };
		DD19AE731B794F0700EAA504 /* AppDelegate.h */ = {isa = PBXFileReference; lastKnownFileType = sourcecode.c.h; path = AppDelegate.h; sourceTree = "<group>"; };
		DD19AE741B794F0700EAA504 /* AppDelegate.m */ = {isa = PBXFileReference; lastKnownFileType = sourcecode.c.objc; path = AppDelegate.m; sourceTree = "<group>"; };
		DD19AE771B794F0700EAA504 /* BlocNotes.xcdatamodel */ = {isa = PBXFileReference; lastKnownFileType = wrapper.xcdatamodel; path = BlocNotes.xcdatamodel; sourceTree = "<group>"; };
		DD19AE791B794F0700EAA504 /* ViewController.h */ = {isa = PBXFileReference; lastKnownFileType = sourcecode.c.h; path = ViewController.h; sourceTree = "<group>"; };
		DD19AE7A1B794F0700EAA504 /* ViewController.m */ = {isa = PBXFileReference; lastKnownFileType = sourcecode.c.objc; path = ViewController.m; sourceTree = "<group>"; };
		DD19AE7D1B794F0700EAA504 /* Base */ = {isa = PBXFileReference; lastKnownFileType = file.storyboard; name = Base; path = Base.lproj/Main.storyboard; sourceTree = "<group>"; };
		DD19AE7F1B794F0700EAA504 /* Images.xcassets */ = {isa = PBXFileReference; lastKnownFileType = folder.assetcatalog; path = Images.xcassets; sourceTree = "<group>"; };
		DD19AE821B794F0700EAA504 /* Base */ = {isa = PBXFileReference; lastKnownFileType = file.xib; name = Base; path = Base.lproj/LaunchScreen.xib; sourceTree = "<group>"; };
		DD19AE881B794F0700EAA504 /* BlocNotesTests.xctest */ = {isa = PBXFileReference; explicitFileType = wrapper.cfbundle; includeInIndex = 0; path = BlocNotesTests.xctest; sourceTree = BUILT_PRODUCTS_DIR; };
		DD19AE8D1B794F0700EAA504 /* Info.plist */ = {isa = PBXFileReference; lastKnownFileType = text.plist.xml; path = Info.plist; sourceTree = "<group>"; };
		DD19AE8E1B794F0700EAA504 /* BlocNotesTests.m */ = {isa = PBXFileReference; lastKnownFileType = sourcecode.c.objc; path = BlocNotesTests.m; sourceTree = "<group>"; };
		DD19AE981B795AA000EAA504 /* MainTableViewController.h */ = {isa = PBXFileReference; fileEncoding = 4; lastKnownFileType = sourcecode.c.h; path = MainTableViewController.h; sourceTree = "<group>"; };
		DD19AE991B795AA000EAA504 /* MainTableViewController.m */ = {isa = PBXFileReference; fileEncoding = 4; lastKnownFileType = sourcecode.c.objc; path = MainTableViewController.m; sourceTree = "<group>"; };
		DD19AE9B1B795AEA00EAA504 /* NoteViewController.h */ = {isa = PBXFileReference; fileEncoding = 4; lastKnownFileType = sourcecode.c.h; path = NoteViewController.h; sourceTree = "<group>"; };
		DD19AE9C1B795AEA00EAA504 /* NoteViewController.m */ = {isa = PBXFileReference; fileEncoding = 4; lastKnownFileType = sourcecode.c.objc; path = NoteViewController.m; sourceTree = "<group>"; };
		DD19AEA11B79609100EAA504 /* NoteTableViewCell.h */ = {isa = PBXFileReference; fileEncoding = 4; lastKnownFileType = sourcecode.c.h; path = NoteTableViewCell.h; sourceTree = "<group>"; };
		DD19AEA21B79609100EAA504 /* NoteTableViewCell.m */ = {isa = PBXFileReference; fileEncoding = 4; lastKnownFileType = sourcecode.c.objc; path = NoteTableViewCell.m; sourceTree = "<group>"; };
		DD19AEA41B7978C600EAA504 /* CoreDataStack.h */ = {isa = PBXFileReference; fileEncoding = 4; lastKnownFileType = sourcecode.c.h; path = CoreDataStack.h; sourceTree = "<group>"; };
		DD19AEA51B7978C600EAA504 /* CoreDataStack.m */ = {isa = PBXFileReference; fileEncoding = 4; lastKnownFileType = sourcecode.c.objc; path = CoreDataStack.m; sourceTree = "<group>"; };
		DD19AEA71B797CEC00EAA504 /* NoteEntry.h */ = {isa = PBXFileReference; fileEncoding = 4; lastKnownFileType = sourcecode.c.h; path = NoteEntry.h; sourceTree = "<group>"; };
		DD19AEA81B797CEC00EAA504 /* NoteEntry.m */ = {isa = PBXFileReference; fileEncoding = 4; lastKnownFileType = sourcecode.c.objc; path = NoteEntry.m; sourceTree = "<group>"; };
		DD3A61561B7BF95000E27C47 /* BlocNotes 2.xcdatamodel */ = {isa = PBXFileReference; lastKnownFileType = wrapper.xcdatamodel; path = "BlocNotes 2.xcdatamodel"; sourceTree = "<group>"; };
		DD3A615B1B7D4CC500E27C47 /* ShareW.appex */ = {isa = PBXFileReference; explicitFileType = "wrapper.app-extension"; includeInIndex = 0; path = ShareW.appex; sourceTree = BUILT_PRODUCTS_DIR; };
		DD3A615E1B7D4CC500E27C47 /* Info.plist */ = {isa = PBXFileReference; lastKnownFileType = text.plist.xml; path = Info.plist; sourceTree = "<group>"; };
		DD3A615F1B7D4CC500E27C47 /* ShareViewController.h */ = {isa = PBXFileReference; lastKnownFileType = sourcecode.c.h; path = ShareViewController.h; sourceTree = "<group>"; };
		DD3A61601B7D4CC500E27C47 /* ShareViewController.m */ = {isa = PBXFileReference; lastKnownFileType = sourcecode.c.objc; path = ShareViewController.m; sourceTree = "<group>"; };
		DD3A61621B7D4CC500E27C47 /* MainInterface.storyboard */ = {isa = PBXFileReference; lastKnownFileType = file.storyboard; path = MainInterface.storyboard; sourceTree = "<group>"; };
		DD3A616B1B7E332800E27C47 /* BlocNotes.entitlements */ = {isa = PBXFileReference; lastKnownFileType = text.xml; path = BlocNotes.entitlements; sourceTree = "<group>"; };
		DD3A616C1B7E341D00E27C47 /* ShareW.entitlements */ = {isa = PBXFileReference; lastKnownFileType = text.xml; path = ShareW.entitlements; sourceTree = "<group>"; };
/* End PBXFileReference section */

/* Begin PBXFrameworksBuildPhase section */
		DD19AE691B794F0700EAA504 /* Frameworks */ = {
			isa = PBXFrameworksBuildPhase;
			buildActionMask = 2147483647;
			files = (
			);
			runOnlyForDeploymentPostprocessing = 0;
		};
		DD19AE851B794F0700EAA504 /* Frameworks */ = {
			isa = PBXFrameworksBuildPhase;
			buildActionMask = 2147483647;
			files = (
			);
			runOnlyForDeploymentPostprocessing = 0;
		};
		DD3A61581B7D4CC500E27C47 /* Frameworks */ = {
			isa = PBXFrameworksBuildPhase;
			buildActionMask = 2147483647;
			files = (
			);
			runOnlyForDeploymentPostprocessing = 0;
		};
/* End PBXFrameworksBuildPhase section */

/* Begin PBXGroup section */
		DD19AE631B794F0700EAA504 = {
			isa = PBXGroup;
			children = (
				DD19AE6E1B794F0700EAA504 /* BlocNotes */,
				DD19AE8B1B794F0700EAA504 /* BlocNotesTests */,
				DD3A615C1B7D4CC500E27C47 /* ShareW */,
				DD19AE6D1B794F0700EAA504 /* Products */,
			);
			sourceTree = "<group>";
		};
		DD19AE6D1B794F0700EAA504 /* Products */ = {
			isa = PBXGroup;
			children = (
				DD19AE6C1B794F0700EAA504 /* BlocNotes.app */,
				DD19AE881B794F0700EAA504 /* BlocNotesTests.xctest */,
				DD3A615B1B7D4CC500E27C47 /* ShareW.appex */,
			);
			name = Products;
			sourceTree = "<group>";
		};
		DD19AE6E1B794F0700EAA504 /* BlocNotes */ = {
			isa = PBXGroup;
			children = (
				DD3A616B1B7E332800E27C47 /* BlocNotes.entitlements */,
				DD19AE7C1B794F0700EAA504 /* Main.storyboard */,
				DD19AE981B795AA000EAA504 /* MainTableViewController.h */,
				DD19AE991B795AA000EAA504 /* MainTableViewController.m */,
				DD19AEA11B79609100EAA504 /* NoteTableViewCell.h */,
				DD19AEA21B79609100EAA504 /* NoteTableViewCell.m */,
				DD19AE9B1B795AEA00EAA504 /* NoteViewController.h */,
				DD19AE9C1B795AEA00EAA504 /* NoteViewController.m */,
				DD19AEA71B797CEC00EAA504 /* NoteEntry.h */,
				DD19AEA81B797CEC00EAA504 /* NoteEntry.m */,
				DD19AEA41B7978C600EAA504 /* CoreDataStack.h */,
				DD19AEA51B7978C600EAA504 /* CoreDataStack.m */,
				DD19AE731B794F0700EAA504 /* AppDelegate.h */,
				DD19AE741B794F0700EAA504 /* AppDelegate.m */,
				DD19AE7F1B794F0700EAA504 /* Images.xcassets */,
				DD19AE811B794F0700EAA504 /* LaunchScreen.xib */,
				DD19AE761B794F0700EAA504 /* BlocNotes.xcdatamodeld */,
				DD19AE6F1B794F0700EAA504 /* Supporting Files */,
			);
			path = BlocNotes;
			sourceTree = "<group>";
		};
		DD19AE6F1B794F0700EAA504 /* Supporting Files */ = {
			isa = PBXGroup;
			children = (
				DD19AE791B794F0700EAA504 /* ViewController.h */,
				DD19AE7A1B794F0700EAA504 /* ViewController.m */,
				DD19AE701B794F0700EAA504 /* Info.plist */,
				DD19AE711B794F0700EAA504 /* main.m */,
			);
			name = "Supporting Files";
			sourceTree = "<group>";
		};
		DD19AE8B1B794F0700EAA504 /* BlocNotesTests */ = {
			isa = PBXGroup;
			children = (
				DD19AE8E1B794F0700EAA504 /* BlocNotesTests.m */,
				DD19AE8C1B794F0700EAA504 /* Supporting Files */,
			);
			path = BlocNotesTests;
			sourceTree = "<group>";
		};
		DD19AE8C1B794F0700EAA504 /* Supporting Files */ = {
			isa = PBXGroup;
			children = (
				DD19AE8D1B794F0700EAA504 /* Info.plist */,
			);
			name = "Supporting Files";
			sourceTree = "<group>";
		};
		DD3A615C1B7D4CC500E27C47 /* ShareW */ = {
			isa = PBXGroup;
			children = (
				DD3A616C1B7E341D00E27C47 /* ShareW.entitlements */,
				DD3A615F1B7D4CC500E27C47 /* ShareViewController.h */,
				DD3A61601B7D4CC500E27C47 /* ShareViewController.m */,
				DD3A61621B7D4CC500E27C47 /* MainInterface.storyboard */,
				DD3A615D1B7D4CC500E27C47 /* Supporting Files */,
			);
			path = ShareW;
			sourceTree = "<group>";
		};
		DD3A615D1B7D4CC500E27C47 /* Supporting Files */ = {
			isa = PBXGroup;
			children = (
				DD3A615E1B7D4CC500E27C47 /* Info.plist */,
			);
			name = "Supporting Files";
			sourceTree = "<group>";
		};
/* End PBXGroup section */

/* Begin PBXNativeTarget section */
		DD19AE6B1B794F0700EAA504 /* BlocNotes */ = {
			isa = PBXNativeTarget;
			buildConfigurationList = DD19AE921B794F0700EAA504 /* Build configuration list for PBXNativeTarget "BlocNotes" */;
			buildPhases = (
				DD19AE681B794F0700EAA504 /* Sources */,
				DD19AE691B794F0700EAA504 /* Frameworks */,
				DD19AE6A1B794F0700EAA504 /* Resources */,
				DD3A616A1B7D4CC600E27C47 /* Embed App Extensions */,
			);
			buildRules = (
			);
			dependencies = (
				DD3A61651B7D4CC500E27C47 /* PBXTargetDependency */,
			);
			name = BlocNotes;
			productName = BlocNotes;
			productReference = DD19AE6C1B794F0700EAA504 /* BlocNotes.app */;
			productType = "com.apple.product-type.application";
		};
		DD19AE871B794F0700EAA504 /* BlocNotesTests */ = {
			isa = PBXNativeTarget;
			buildConfigurationList = DD19AE951B794F0700EAA504 /* Build configuration list for PBXNativeTarget "BlocNotesTests" */;
			buildPhases = (
				DD19AE841B794F0700EAA504 /* Sources */,
				DD19AE851B794F0700EAA504 /* Frameworks */,
				DD19AE861B794F0700EAA504 /* Resources */,
			);
			buildRules = (
			);
			dependencies = (
				DD19AE8A1B794F0700EAA504 /* PBXTargetDependency */,
			);
			name = BlocNotesTests;
			productName = BlocNotesTests;
			productReference = DD19AE881B794F0700EAA504 /* BlocNotesTests.xctest */;
			productType = "com.apple.product-type.bundle.unit-test";
		};
		DD3A615A1B7D4CC500E27C47 /* ShareW */ = {
			isa = PBXNativeTarget;
			buildConfigurationList = DD3A61691B7D4CC600E27C47 /* Build configuration list for PBXNativeTarget "ShareW" */;
			buildPhases = (
				DD3A61571B7D4CC500E27C47 /* Sources */,
				DD3A61581B7D4CC500E27C47 /* Frameworks */,
				DD3A61591B7D4CC500E27C47 /* Resources */,
			);
			buildRules = (
			);
			dependencies = (
			);
			name = ShareW;
			productName = ShareW;
			productReference = DD3A615B1B7D4CC500E27C47 /* ShareW.appex */;
			productType = "com.apple.product-type.app-extension";
		};
/* End PBXNativeTarget section */

/* Begin PBXProject section */
		DD19AE641B794F0700EAA504 /* Project object */ = {
			isa = PBXProject;
			attributes = {
				LastUpgradeCheck = 0630;
				ORGANIZATIONNAME = Bloc;
				TargetAttributes = {
					DD19AE6B1B794F0700EAA504 = {
						CreatedOnToolsVersion = 6.3.2;
						DevelopmentTeam = 9GHX6BADCR;
						SystemCapabilities = {
							com.apple.ApplicationGroups.iOS = {
								enabled = 1;
							};
						};
					};
					DD19AE871B794F0700EAA504 = {
						CreatedOnToolsVersion = 6.3.2;
						TestTargetID = DD19AE6B1B794F0700EAA504;
					};
					DD3A615A1B7D4CC500E27C47 = {
						CreatedOnToolsVersion = 6.3.2;
						DevelopmentTeam = 9GHX6BADCR;
						SystemCapabilities = {
							com.apple.ApplicationGroups.iOS = {
								enabled = 1;
							};
						};
					};
				};
			};
			buildConfigurationList = DD19AE671B794F0700EAA504 /* Build configuration list for PBXProject "BlocNotes" */;
			compatibilityVersion = "Xcode 3.2";
			developmentRegion = English;
			hasScannedForEncodings = 0;
			knownRegions = (
				en,
				Base,
			);
			mainGroup = DD19AE631B794F0700EAA504;
			productRefGroup = DD19AE6D1B794F0700EAA504 /* Products */;
			projectDirPath = "";
			projectRoot = "";
			targets = (
				DD19AE6B1B794F0700EAA504 /* BlocNotes */,
				DD19AE871B794F0700EAA504 /* BlocNotesTests */,
				DD3A615A1B7D4CC500E27C47 /* ShareW */,
			);
		};
/* End PBXProject section */

/* Begin PBXResourcesBuildPhase section */
		DD19AE6A1B794F0700EAA504 /* Resources */ = {
			isa = PBXResourcesBuildPhase;
			buildActionMask = 2147483647;
			files = (
				DD19AE7E1B794F0700EAA504 /* Main.storyboard in Resources */,
				DD19AE831B794F0700EAA504 /* LaunchScreen.xib in Resources */,
				DD19AE801B794F0700EAA504 /* Images.xcassets in Resources */,
			);
			runOnlyForDeploymentPostprocessing = 0;
		};
		DD19AE861B794F0700EAA504 /* Resources */ = {
			isa = PBXResourcesBuildPhase;
			buildActionMask = 2147483647;
			files = (
			);
			runOnlyForDeploymentPostprocessing = 0;
		};
		DD3A61591B7D4CC500E27C47 /* Resources */ = {
			isa = PBXResourcesBuildPhase;
			buildActionMask = 2147483647;
			files = (
				DD3A61631B7D4CC500E27C47 /* MainInterface.storyboard in Resources */,
			);
			runOnlyForDeploymentPostprocessing = 0;
		};
/* End PBXResourcesBuildPhase section */

/* Begin PBXSourcesBuildPhase section */
		DD19AE681B794F0700EAA504 /* Sources */ = {
			isa = PBXSourcesBuildPhase;
			buildActionMask = 2147483647;
			files = (
				DD19AE9D1B795AEA00EAA504 /* NoteViewController.m in Sources */,
				DD19AE751B794F0700EAA504 /* AppDelegate.m in Sources */,
				DD19AE781B794F0700EAA504 /* BlocNotes.xcdatamodeld in Sources */,
				DD19AE7B1B794F0700EAA504 /* ViewController.m in Sources */,
				DD19AE9A1B795AA000EAA504 /* MainTableViewController.m in Sources */,
				DD19AE721B794F0700EAA504 /* main.m in Sources */,
				DD19AEA31B79609100EAA504 /* NoteTableViewCell.m in Sources */,
				DD19AEA91B797CEC00EAA504 /* NoteEntry.m in Sources */,
				DD19AEA61B7978C600EAA504 /* CoreDataStack.m in Sources */,
			);
			runOnlyForDeploymentPostprocessing = 0;
		};
		DD19AE841B794F0700EAA504 /* Sources */ = {
			isa = PBXSourcesBuildPhase;
			buildActionMask = 2147483647;
			files = (
				DD19AE8F1B794F0700EAA504 /* BlocNotesTests.m in Sources */,
			);
			runOnlyForDeploymentPostprocessing = 0;
		};
		DD3A61571B7D4CC500E27C47 /* Sources */ = {
			isa = PBXSourcesBuildPhase;
			buildActionMask = 2147483647;
			files = (
				DD3A61611B7D4CC500E27C47 /* ShareViewController.m in Sources */,
				DD3A616D1B7EA37400E27C47 /* BlocNotes.xcdatamodeld in Sources */,
				DD3A616F1B7EA3CE00E27C47 /* NoteEntry.m in Sources */,
				DD3A616E1B7EA3C200E27C47 /* CoreDataStack.m in Sources */,
				DD3A61701B7EA3D300E27C47 /* ViewController.m in Sources */,
			);
			runOnlyForDeploymentPostprocessing = 0;
		};
/* End PBXSourcesBuildPhase section */

/* Begin PBXTargetDependency section */
		DD19AE8A1B794F0700EAA504 /* PBXTargetDependency */ = {
			isa = PBXTargetDependency;
			target = DD19AE6B1B794F0700EAA504 /* BlocNotes */;
			targetProxy = DD19AE891B794F0700EAA504 /* PBXContainerItemProxy */;
		};
		DD3A61651B7D4CC500E27C47 /* PBXTargetDependency */ = {
			isa = PBXTargetDependency;
			target = DD3A615A1B7D4CC500E27C47 /* ShareW */;
			targetProxy = DD3A61641B7D4CC500E27C47 /* PBXContainerItemProxy */;
		};
/* End PBXTargetDependency section */

/* Begin PBXVariantGroup section */
		DD19AE7C1B794F0700EAA504 /* Main.storyboard */ = {
			isa = PBXVariantGroup;
			children = (
				DD19AE7D1B794F0700EAA504 /* Base */,
			);
			name = Main.storyboard;
			sourceTree = "<group>";
		};
		DD19AE811B794F0700EAA504 /* LaunchScreen.xib */ = {
			isa = PBXVariantGroup;
			children = (
				DD19AE821B794F0700EAA504 /* Base */,
			);
			name = LaunchScreen.xib;
			sourceTree = "<group>";
		};
/* End PBXVariantGroup section */

/* Begin XCBuildConfiguration section */
		DD19AE901B794F0700EAA504 /* Debug */ = {
			isa = XCBuildConfiguration;
			buildSettings = {
				ALWAYS_SEARCH_USER_PATHS = NO;
				CLANG_CXX_LANGUAGE_STANDARD = "gnu++0x";
				CLANG_CXX_LIBRARY = "libc++";
				CLANG_ENABLE_MODULES = YES;
				CLANG_ENABLE_OBJC_ARC = YES;
				CLANG_WARN_BOOL_CONVERSION = YES;
				CLANG_WARN_CONSTANT_CONVERSION = YES;
				CLANG_WARN_DIRECT_OBJC_ISA_USAGE = YES_ERROR;
				CLANG_WARN_EMPTY_BODY = YES;
				CLANG_WARN_ENUM_CONVERSION = YES;
				CLANG_WARN_INT_CONVERSION = YES;
				CLANG_WARN_OBJC_ROOT_CLASS = YES_ERROR;
				CLANG_WARN_UNREACHABLE_CODE = YES;
				CLANG_WARN__DUPLICATE_METHOD_MATCH = YES;
				"CODE_SIGN_IDENTITY[sdk=iphoneos*]" = "iPhone Developer";
				COPY_PHASE_STRIP = NO;
				DEBUG_INFORMATION_FORMAT = "dwarf-with-dsym";
				ENABLE_STRICT_OBJC_MSGSEND = YES;
				GCC_C_LANGUAGE_STANDARD = gnu99;
				GCC_DYNAMIC_NO_PIC = NO;
				GCC_NO_COMMON_BLOCKS = YES;
				GCC_OPTIMIZATION_LEVEL = 0;
				GCC_PREPROCESSOR_DEFINITIONS = (
					"DEBUG=1",
					"$(inherited)",
				);
				GCC_SYMBOLS_PRIVATE_EXTERN = NO;
				GCC_WARN_64_TO_32_BIT_CONVERSION = YES;
				GCC_WARN_ABOUT_RETURN_TYPE = YES_ERROR;
				GCC_WARN_UNDECLARED_SELECTOR = YES;
				GCC_WARN_UNINITIALIZED_AUTOS = YES_AGGRESSIVE;
				GCC_WARN_UNUSED_FUNCTION = YES;
				GCC_WARN_UNUSED_VARIABLE = YES;
				IPHONEOS_DEPLOYMENT_TARGET = 8.3;
				MTL_ENABLE_DEBUG_INFO = YES;
				ONLY_ACTIVE_ARCH = YES;
				SDKROOT = iphoneos;
				TARGETED_DEVICE_FAMILY = "1,2";
			};
			name = Debug;
		};
		DD19AE911B794F0700EAA504 /* Release */ = {
			isa = XCBuildConfiguration;
			buildSettings = {
				ALWAYS_SEARCH_USER_PATHS = NO;
				CLANG_CXX_LANGUAGE_STANDARD = "gnu++0x";
				CLANG_CXX_LIBRARY = "libc++";
				CLANG_ENABLE_MODULES = YES;
				CLANG_ENABLE_OBJC_ARC = YES;
				CLANG_WARN_BOOL_CONVERSION = YES;
				CLANG_WARN_CONSTANT_CONVERSION = YES;
				CLANG_WARN_DIRECT_OBJC_ISA_USAGE = YES_ERROR;
				CLANG_WARN_EMPTY_BODY = YES;
				CLANG_WARN_ENUM_CONVERSION = YES;
				CLANG_WARN_INT_CONVERSION = YES;
				CLANG_WARN_OBJC_ROOT_CLASS = YES_ERROR;
				CLANG_WARN_UNREACHABLE_CODE = YES;
				CLANG_WARN__DUPLICATE_METHOD_MATCH = YES;
				"CODE_SIGN_IDENTITY[sdk=iphoneos*]" = "iPhone Developer";
				COPY_PHASE_STRIP = NO;
				DEBUG_INFORMATION_FORMAT = "dwarf-with-dsym";
				ENABLE_NS_ASSERTIONS = NO;
				ENABLE_STRICT_OBJC_MSGSEND = YES;
				GCC_C_LANGUAGE_STANDARD = gnu99;
				GCC_NO_COMMON_BLOCKS = YES;
				GCC_WARN_64_TO_32_BIT_CONVERSION = YES;
				GCC_WARN_ABOUT_RETURN_TYPE = YES_ERROR;
				GCC_WARN_UNDECLARED_SELECTOR = YES;
				GCC_WARN_UNINITIALIZED_AUTOS = YES_AGGRESSIVE;
				GCC_WARN_UNUSED_FUNCTION = YES;
				GCC_WARN_UNUSED_VARIABLE = YES;
				IPHONEOS_DEPLOYMENT_TARGET = 8.3;
				MTL_ENABLE_DEBUG_INFO = NO;
				SDKROOT = iphoneos;
				TARGETED_DEVICE_FAMILY = "1,2";
				VALIDATE_PRODUCT = YES;
			};
			name = Release;
		};
		DD19AE931B794F0700EAA504 /* Debug */ = {
			isa = XCBuildConfiguration;
			buildSettings = {
				ASSETCATALOG_COMPILER_APPICON_NAME = AppIcon;
				CODE_SIGN_ENTITLEMENTS = BlocNotes/BlocNotes.entitlements;
				CODE_SIGN_IDENTITY = "iPhone Developer";
				"CODE_SIGN_IDENTITY[sdk=iphoneos*]" = "iPhone Developer";
				INFOPLIST_FILE = BlocNotes/Info.plist;
				LD_RUNPATH_SEARCH_PATHS = "$(inherited) @executable_path/Frameworks";
				PRODUCT_NAME = "$(TARGET_NAME)";
				PROVISIONING_PROFILE = "";
			};
			name = Debug;
		};
		DD19AE941B794F0700EAA504 /* Release */ = {
			isa = XCBuildConfiguration;
			buildSettings = {
				ASSETCATALOG_COMPILER_APPICON_NAME = AppIcon;
				CODE_SIGN_ENTITLEMENTS = BlocNotes/BlocNotes.entitlements;
				CODE_SIGN_IDENTITY = "iPhone Developer";
				"CODE_SIGN_IDENTITY[sdk=iphoneos*]" = "iPhone Developer";
				INFOPLIST_FILE = BlocNotes/Info.plist;
				LD_RUNPATH_SEARCH_PATHS = "$(inherited) @executable_path/Frameworks";
				PRODUCT_NAME = "$(TARGET_NAME)";
				PROVISIONING_PROFILE = "";
			};
			name = Release;
		};
		DD19AE961B794F0700EAA504 /* Debug */ = {
			isa = XCBuildConfiguration;
			buildSettings = {
				BUNDLE_LOADER = "$(TEST_HOST)";
				FRAMEWORK_SEARCH_PATHS = (
					"$(SDKROOT)/Developer/Library/Frameworks",
					"$(inherited)",
				);
				GCC_PREPROCESSOR_DEFINITIONS = (
					"DEBUG=1",
					"$(inherited)",
				);
				INFOPLIST_FILE = BlocNotesTests/Info.plist;
				LD_RUNPATH_SEARCH_PATHS = "$(inherited) @executable_path/Frameworks @loader_path/Frameworks";
				PRODUCT_NAME = "$(TARGET_NAME)";
				TEST_HOST = "$(BUILT_PRODUCTS_DIR)/BlocNotes.app/BlocNotes";
			};
			name = Debug;
		};
		DD19AE971B794F0700EAA504 /* Release */ = {
			isa = XCBuildConfiguration;
			buildSettings = {
				BUNDLE_LOADER = "$(TEST_HOST)";
				FRAMEWORK_SEARCH_PATHS = (
					"$(SDKROOT)/Developer/Library/Frameworks",
					"$(inherited)",
				);
				INFOPLIST_FILE = BlocNotesTests/Info.plist;
				LD_RUNPATH_SEARCH_PATHS = "$(inherited) @executable_path/Frameworks @loader_path/Frameworks";
				PRODUCT_NAME = "$(TARGET_NAME)";
				TEST_HOST = "$(BUILT_PRODUCTS_DIR)/BlocNotes.app/BlocNotes";
			};
			name = Release;
		};
		DD3A61671B7D4CC600E27C47 /* Debug */ = {
			isa = XCBuildConfiguration;
			buildSettings = {
				CODE_SIGN_ENTITLEMENTS = ShareW/ShareW.entitlements;
				CODE_SIGN_IDENTITY = "iPhone Developer";
				"CODE_SIGN_IDENTITY[sdk=iphoneos*]" = "iPhone Developer";
				GCC_PREPROCESSOR_DEFINITIONS = (
					"DEBUG=1",
					"$(inherited)",
				);
				INFOPLIST_FILE = ShareW/Info.plist;
				LD_RUNPATH_SEARCH_PATHS = "$(inherited) @executable_path/Frameworks @executable_path/../../Frameworks";
				PRODUCT_NAME = "$(TARGET_NAME)";
				PROVISIONING_PROFILE = "";
				SKIP_INSTALL = YES;
			};
			name = Debug;
		};
		DD3A61681B7D4CC600E27C47 /* Release */ = {
			isa = XCBuildConfiguration;
			buildSettings = {
				CODE_SIGN_ENTITLEMENTS = ShareW/ShareW.entitlements;
				CODE_SIGN_IDENTITY = "iPhone Developer";
				"CODE_SIGN_IDENTITY[sdk=iphoneos*]" = "iPhone Developer";
				INFOPLIST_FILE = ShareW/Info.plist;
				LD_RUNPATH_SEARCH_PATHS = "$(inherited) @executable_path/Frameworks @executable_path/../../Frameworks";
				PRODUCT_NAME = "$(TARGET_NAME)";
				PROVISIONING_PROFILE = "";
				SKIP_INSTALL = YES;
			};
			name = Release;
		};
/* End XCBuildConfiguration section */

/* Begin XCConfigurationList section */
		DD19AE671B794F0700EAA504 /* Build configuration list for PBXProject "BlocNotes" */ = {
			isa = XCConfigurationList;
			buildConfigurations = (
				DD19AE901B794F0700EAA504 /* Debug */,
				DD19AE911B794F0700EAA504 /* Release */,
			);
			defaultConfigurationIsVisible = 0;
			defaultConfigurationName = Release;
		};
		DD19AE921B794F0700EAA504 /* Build configuration list for PBXNativeTarget "BlocNotes" */ = {
			isa = XCConfigurationList;
			buildConfigurations = (
				DD19AE931B794F0700EAA504 /* Debug */,
				DD19AE941B794F0700EAA504 /* Release */,
			);
			defaultConfigurationIsVisible = 0;
			defaultConfigurationName = Release;
		};
		DD19AE951B794F0700EAA504 /* Build configuration list for PBXNativeTarget "BlocNotesTests" */ = {
			isa = XCConfigurationList;
			buildConfigurations = (
				DD19AE961B794F0700EAA504 /* Debug */,
				DD19AE971B794F0700EAA504 /* Release */,
			);
			defaultConfigurationIsVisible = 0;
			defaultConfigurationName = Release;
		};
		DD3A61691B7D4CC600E27C47 /* Build configuration list for PBXNativeTarget "ShareW" */ = {
			isa = XCConfigurationList;
			buildConfigurations = (
				DD3A61671B7D4CC600E27C47 /* Debug */,
				DD3A61681B7D4CC600E27C47 /* Release */,
			);
			defaultConfigurationIsVisible = 0;
		};
/* End XCConfigurationList section */

/* Begin XCVersionGroup section */
		DD19AE761B794F0700EAA504 /* BlocNotes.xcdatamodeld */ = {
			isa = XCVersionGroup;
			children = (
				DD3A61561B7BF95000E27C47 /* BlocNotes 2.xcdatamodel */,
				DD19AE771B794F0700EAA504 /* BlocNotes.xcdatamodel */,
			);
			currentVersion = DD3A61561B7BF95000E27C47 /* BlocNotes 2.xcdatamodel */;
			path = BlocNotes.xcdatamodeld;
			sourceTree = "<group>";
			versionGroupType = wrapper.xcdatamodel;
		};
/* End XCVersionGroup section */
	};
	rootObject = DD19AE641B794F0700EAA504 /* Project object */;
}
